# This file was autogenerated by Stack.
# You should not edit this file by hand.
# For more information, please see the documentation at:
#   https://docs.haskellstack.org/en/stable/lock_files

packages: []
snapshots:
- completed:
    sha256: bd7b6edef8b9ad5efdf118923b9a530b9b8c2236af1b92abc3e5d9416fc1d452
    size: 595944
    url: https://raw.githubusercontent.com/commercialhaskell/stackage-snapshots/master/nightly/2023/1/28.yaml
  original: nightly-2023-01-28
